
Microsoft Visual Studio Solution File, Format Version 12.00
# Visual Studio 15
VisualStudioVersion = 15.0.27004.2010
MinimumVisualStudioVersion = 10.0.40219.1
Project("{9A19103F-16F7-4668-BE54-9A1E7A4F7556}") = "IdentityServerQuickStart", "IdentityServerQuickStart\IdentityServerQuickStart.csproj", "{BEB3610F-9EFA-49A0-B27F-3C8BF8C40B23}"
EndProject
Project("{9A19103F-16F7-4668-BE54-9A1E7A4F7556}") = "Api", "Api\Api.csproj", "{6603A5D4-4C70-49F2-A498-77DD9D1CDCCD}"
EndProject
Project("{9A19103F-16F7-4668-BE54-9A1E7A4F7556}") = "Client", "Client\Client.csproj", "{01E9AA6C-19DB-48C6-BA99-5FA46D7AF427}"
EndProject
Project("{2150E333-8FDC-42A3-9474-1A3956D46DE8}") = "Solution Items", "Solution Items", "{EBE472B0-FF8A-4EAE-84A4-E5284E29031B}"
	ProjectSection(SolutionItems) = preProject
		README.txt = README.txt
	EndProjectSection
EndProject
Project("{FAE04EC0-301F-11D3-BF4B-00C04F79EFBC}") = "ClientMVC", "ClientMVC\ClientMVC.csproj", "{D0E7CAA3-DEB4-40B3-A7AF-1AB7D2970DCC}"
EndProject
Global
	GlobalSection(SolutionConfigurationPlatforms) = preSolution
		Debug|Any CPU = Debug|Any CPU
		Release|Any CPU = Release|Any CPU
	EndGlobalSection
	GlobalSection(ProjectConfigurationPlatforms) = postSolution
		{BEB3610F-9EFA-49A0-B27F-3C8BF8C40B23}.Debug|Any CPU.ActiveCfg = Debug|Any CPU
		{BEB3610F-9EFA-49A0-B27F-3C8BF8C40B23}.Debug|Any CPU.Build.0 = Debug|Any CPU
		{BEB3610F-9EFA-49A0-B27F-3C8BF8C40B23}.Release|Any CPU.ActiveCfg = Release|Any CPU
		{BEB3610F-9EFA-49A0-B27F-3C8BF8C40B23}.Release|Any CPU.Build.0 = Release|Any CPU
		{6603A5D4-4C70-49F2-A498-77DD9D1CDCCD}.Debug|Any CPU.ActiveCfg = Debug|Any CPU
		{6603A5D4-4C70-49F2-A498-77DD9D1CDCCD}.Debug|Any CPU.Build.0 = Debug|Any CPU
		{6603A5D4-4C70-49F2-A498-77DD9D1CDCCD}.Release|Any CPU.ActiveCfg = Release|Any CPU
		{6603A5D4-4C70-49F2-A498-77DD9D1CDCCD}.Release|Any CPU.Build.0 = Release|Any CPU
		{01E9AA6C-19DB-48C6-BA99-5FA46D7AF427}.Debug|Any CPU.ActiveCfg = Debug|Any CPU
		{01E9AA6C-19DB-48C6-BA99-5FA46D7AF427}.Debug|Any CPU.Build.0 = Debug|Any CPU
		{01E9AA6C-19DB-48C6-BA99-5FA46D7AF427}.Release|Any CPU.ActiveCfg = Release|Any CPU
		{01E9AA6C-19DB-48C6-BA99-5FA46D7AF427}.Release|Any CPU.Build.0 = Release|Any CPU
		{D0E7CAA3-DEB4-40B3-A7AF-1AB7D2970DCC}.Debug|Any CPU.ActiveCfg = Debug|Any CPU
		{D0E7CAA3-DEB4-40B3-A7AF-1AB7D2970DCC}.Debug|Any CPU.Build.0 = Debug|Any CPU
		{D0E7CAA3-DEB4-40B3-A7AF-1AB7D2970DCC}.Release|Any CPU.ActiveCfg = Release|Any CPU
		{D0E7CAA3-DEB4-40B3-A7AF-1AB7D2970DCC}.Release|Any CPU.Build.0 = Release|Any CPU
	EndGlobalSection
	GlobalSection(SolutionProperties) = preSolution
		HideSolutionNode = FALSE
	EndGlobalSection
	GlobalSection(ExtensibilityGlobals) = postSolution
		SolutionGuid = {2395ABD5-55AB-4947-993A-341F0B86B869}
	EndGlobalSection
EndGlobal
